
Microsoft Visual Studio Solution File, Format Version 11.00
# Visual Studio 2010
Project("{FAE04EC0-301F-11D3-BF4B-00C04F79EFBC}") = "restful", "restful\restful.csproj", "{F89833CA-44AF-4605-AE85-6AD162EF6000}"
EndProject
Global
	GlobalSection(SolutionConfigurationPlatforms) = preSolution
		Debug|Any CPU = Debug|Any CPU
		Release|Any CPU = Release|Any CPU
	EndGlobalSection
	GlobalSection(ProjectConfigurationPlatforms) = postSolution
		{F89833CA-44AF-4605-AE85-6AD162EF6000}.Debug|Any CPU.ActiveCfg = Debug|Any CPU
		{F89833CA-44AF-4605-AE85-6AD162EF6000}.Debug|Any CPU.Build.0 = Debug|Any CPU
		{F89833CA-44AF-4605-AE85-6AD162EF6000}.Release|Any CPU.ActiveCfg = Release|Any CPU
		{F89833CA-44AF-4605-AE85-6AD162EF6000}.Release|Any CPU.Build.0 = Release|Any CPU
	EndGlobalSection
	GlobalSection(SolutionProperties) = preSolution
		HideSolutionNode = FALSE
	EndGlobalSection
EndGlobal
